// !$*UTF8*$!
{
	archiveVersion = 1;
	classes = {
	};
	objectVersion = 46;
	objects = {

/* Begin PBXBuildFile section */
		454EF016193D44C5004C0D6B /* AppDelegate.swift in Sources */ = {isa = PBXBuildFile; fileRef = 454EF015193D44C5004C0D6B /* AppDelegate.swift */; };
		454EF01D193D44C5004C0D6B /* Images.xcassets in Resources */ = {isa = PBXBuildFile; fileRef = 454EF01C193D44C5004C0D6B /* Images.xcassets */; };
		454EF029193D44C5004C0D6B /* IHateSwiftTests.swift in Sources */ = {isa = PBXBuildFile; fileRef = 454EF028193D44C5004C0D6B /* IHateSwiftTests.swift */; };
		454EF060193D4617004C0D6B /* FirstSwiftTableViewController.swift in Sources */ = {isa = PBXBuildFile; fileRef = 454EF05D193D4617004C0D6B /* FirstSwiftTableViewController.swift */; };
		454EF061193D4617004C0D6B /* SecondSwiftViewController.swift in Sources */ = {isa = PBXBuildFile; fileRef = 454EF05E193D4617004C0D6B /* SecondSwiftViewController.swift */; };
		454EF062193D4617004C0D6B /* SwiftNavigationController.swift in Sources */ = {isa = PBXBuildFile; fileRef = 454EF05F193D4617004C0D6B /* SwiftNavigationController.swift */; };
		454EF064193D462D004C0D6B /* Main.storyboard in Resources */ = {isa = PBXBuildFile; fileRef = 454EF063193D462D004C0D6B /* Main.storyboard */; };
/* End PBXBuildFile section */

/* Begin PBXContainerItemProxy section */
		454EF023193D44C5004C0D6B /* PBXContainerItemProxy */ = {
			isa = PBXContainerItemProxy;
			containerPortal = 454EF008193D44C5004C0D6B /* Project object */;
			proxyType = 1;
			remoteGlobalIDString = 454EF00F193D44C5004C0D6B;
			remoteInfo = IHateSwift;
		};
/* End PBXContainerItemProxy section */

/* Begin PBXFileReference section */
		454EF010193D44C5004C0D6B /* IHateSwift.app */ = {isa = PBXFileReference; explicitFileType = wrapper.application; includeInIndex = 0; path = IHateSwift.app; sourceTree = BUILT_PRODUCTS_DIR; };
		454EF014193D44C5004C0D6B /* Info.plist */ = {isa = PBXFileReference; lastKnownFileType = text.plist.xml; path = Info.plist; sourceTree = "<group>"; };
		454EF015193D44C5004C0D6B /* AppDelegate.swift */ = {isa = PBXFileReference; lastKnownFileType = sourcecode.swift; path = AppDelegate.swift; sourceTree = "<group>"; };
		454EF01C193D44C5004C0D6B /* Images.xcassets */ = {isa = PBXFileReference; lastKnownFileType = folder.assetcatalog; path = Images.xcassets; sourceTree = "<group>"; };
		454EF022193D44C5004C0D6B /* IHateSwiftTests.xctest */ = {isa = PBXFileReference; explicitFileType = wrapper.cfbundle; includeInIndex = 0; path = IHateSwiftTests.xctest; sourceTree = BUILT_PRODUCTS_DIR; };
		454EF027193D44C5004C0D6B /* Info.plist */ = {isa = PBXFileReference; lastKnownFileType = text.plist.xml; path = Info.plist; sourceTree = "<group>"; };
		454EF028193D44C5004C0D6B /* IHateSwiftTests.swift */ = {isa = PBXFileReference; lastKnownFileType = sourcecode.swift; path = IHateSwiftTests.swift; sourceTree = "<group>"; };
		454EF05D193D4617004C0D6B /* FirstSwiftTableViewController.swift */ = {isa = PBXFileReference; fileEncoding = 4; lastKnownFileType = sourcecode.swift; path = FirstSwiftTableViewController.swift; sourceTree = "<group>"; };
		454EF05E193D4617004C0D6B /* SecondSwiftViewController.swift */ = {isa = PBXFileReference; fileEncoding = 4; lastKnownFileType = sourcecode.swift; path = SecondSwiftViewController.swift; sourceTree = "<group>"; };
		454EF05F193D4617004C0D6B /* SwiftNavigationController.swift */ = {isa = PBXFileReference; fileEncoding = 4; lastKnownFileType = sourcecode.swift; path = SwiftNavigationController.swift; sourceTree = "<group>"; };
		454EF063193D462D004C0D6B /* Main.storyboard */ = {isa = PBXFileReference; fileEncoding = 4; lastKnownFileType = file.storyboard; path = Main.storyboard; sourceTree = "<group>"; };
/* End PBXFileReference section */

/* Begin PBXFrameworksBuildPhase section */
		454EF00D193D44C5004C0D6B /* Frameworks */ = {
			isa = PBXFrameworksBuildPhase;
			buildActionMask = 2147483647;
			files = (
			);
			runOnlyForDeploymentPostprocessing = 0;
		};
		454EF01F193D44C5004C0D6B /* Frameworks */ = {
			isa = PBXFrameworksBuildPhase;
			buildActionMask = 2147483647;
			files = (
			);
			runOnlyForDeploymentPostprocessing = 0;
		};
/* End PBXFrameworksBuildPhase section */

/* Begin PBXGroup section */
		454EF007193D44C4004C0D6B = {
			isa = PBXGroup;
			children = (
				454EF012193D44C5004C0D6B /* IHateSwift */,
				454EF025193D44C5004C0D6B /* IHateSwiftTests */,
				454EF011193D44C5004C0D6B /* Products */,
			);
			sourceTree = "<group>";
		};
		454EF011193D44C5004C0D6B /* Products */ = {
			isa = PBXGroup;
			children = (
				454EF010193D44C5004C0D6B /* IHateSwift.app */,
				454EF022193D44C5004C0D6B /* IHateSwiftTests.xctest */,
			);
			name = Products;
			sourceTree = "<group>";
		};
		454EF012193D44C5004C0D6B /* IHateSwift */ = {
			isa = PBXGroup;
			children = (
				454EF015193D44C5004C0D6B /* AppDelegate.swift */,
				454EF05D193D4617004C0D6B /* FirstSwiftTableViewController.swift */,
				454EF05E193D4617004C0D6B /* SecondSwiftViewController.swift */,
				454EF05F193D4617004C0D6B /* SwiftNavigationController.swift */,
				454EF063193D462D004C0D6B /* Main.storyboard */,
				454EF01C193D44C5004C0D6B /* Images.xcassets */,
				454EF013193D44C5004C0D6B /* Supporting Files */,
			);
			path = IHateSwift;
			sourceTree = "<group>";
		};
		454EF013193D44C5004C0D6B /* Supporting Files */ = {
			isa = PBXGroup;
			children = (
				454EF014193D44C5004C0D6B /* Info.plist */,
			);
			name = "Supporting Files";
			sourceTree = "<group>";
		};
		454EF025193D44C5004C0D6B /* IHateSwiftTests */ = {
			isa = PBXGroup;
			children = (
				454EF028193D44C5004C0D6B /* IHateSwiftTests.swift */,
				454EF026193D44C5004C0D6B /* Supporting Files */,
			);
			path = IHateSwiftTests;
			sourceTree = "<group>";
		};
		454EF026193D44C5004C0D6B /* Supporting Files */ = {
			isa = PBXGroup;
			children = (
				454EF027193D44C5004C0D6B /* Info.plist */,
			);
			name = "Supporting Files";
			sourceTree = "<group>";
		};
/* End PBXGroup section */

/* Begin PBXNativeTarget section */
		454EF00F193D44C5004C0D6B /* IHateSwift */ = {
			isa = PBXNativeTarget;
			buildConfigurationList = 454EF02C193D44C5004C0D6B /* Build configuration list for PBXNativeTarget "IHateSwift" */;
			buildPhases = (
				454EF00C193D44C5004C0D6B /* Sources */,
				454EF00D193D44C5004C0D6B /* Frameworks */,
				454EF00E193D44C5004C0D6B /* Resources */,
			);
			buildRules = (
			);
			dependencies = (
			);
			name = IHateSwift;
			productName = IHateSwift;
			productReference = 454EF010193D44C5004C0D6B /* IHateSwift.app */;
			productType = "com.apple.product-type.application";
		};
		454EF021193D44C5004C0D6B /* IHateSwiftTests */ = {
			isa = PBXNativeTarget;
			buildConfigurationList = 454EF02F193D44C5004C0D6B /* Build configuration list for PBXNativeTarget "IHateSwiftTests" */;
			buildPhases = (
				454EF01E193D44C5004C0D6B /* Sources */,
				454EF01F193D44C5004C0D6B /* Frameworks */,
				454EF020193D44C5004C0D6B /* Resources */,
			);
			buildRules = (
			);
			dependencies = (
				454EF024193D44C5004C0D6B /* PBXTargetDependency */,
			);
			name = IHateSwiftTests;
			productName = IHateSwiftTests;
			productReference = 454EF022193D44C5004C0D6B /* IHateSwiftTests.xctest */;
			productType = "com.apple.product-type.bundle.unit-test";
		};
/* End PBXNativeTarget section */

/* Begin PBXProject section */
		454EF008193D44C5004C0D6B /* Project object */ = {
			isa = PBXProject;
			attributes = {
				LastUpgradeCheck = 0600;
				ORGANIZATIONNAME = DarrenLine;
				TargetAttributes = {
					454EF00F193D44C5004C0D6B = {
						CreatedOnToolsVersion = 6.0;
					};
					454EF021193D44C5004C0D6B = {
						CreatedOnToolsVersion = 6.0;
						TestTargetID = 454EF00F193D44C5004C0D6B;
					};
				};
			};
			buildConfigurationList = 454EF00B193D44C5004C0D6B /* Build configuration list for PBXProject "IHateSwift" */;
			compatibilityVersion = "Xcode 3.2";
			developmentRegion = English;
			hasScannedForEncodings = 0;
			knownRegions = (
				en,
				Base,
			);
			mainGroup = 454EF007193D44C4004C0D6B;
			productRefGroup = 454EF011193D44C5004C0D6B /* Products */;
			projectDirPath = "";
			projectRoot = "";
			targets = (
				454EF00F193D44C5004C0D6B /* IHateSwift */,
				454EF021193D44C5004C0D6B /* IHateSwiftTests */,
			);
		};
/* End PBXProject section */

/* Begin PBXResourcesBuildPhase section */
		454EF00E193D44C5004C0D6B /* Resources */ = {
			isa = PBXResourcesBuildPhase;
			buildActionMask = 2147483647;
			files = (
				454EF01D193D44C5004C0D6B /* Images.xcassets in Resources */,
				454EF064193D462D004C0D6B /* Main.storyboard in Resources */,
			);
			runOnlyForDeploymentPostprocessing = 0;
		};
		454EF020193D44C5004C0D6B /* Resources */ = {
			isa = PBXResourcesBuildPhase;
			buildActionMask = 2147483647;
			files = (
			);
			runOnlyForDeploymentPostprocessing = 0;
		};
/* End PBXResourcesBuildPhase section */

/* Begin PBXSourcesBuildPhase section */
		454EF00C193D44C5004C0D6B /* Sources */ = {
			isa = PBXSourcesBuildPhase;
			buildActionMask = 2147483647;
			files = (
				454EF060193D4617004C0D6B /* FirstSwiftTableViewController.swift in Sources */,
				454EF016193D44C5004C0D6B /* AppDelegate.swift in Sources */,
				454EF061193D4617004C0D6B /* SecondSwiftViewController.swift in Sources */,
				454EF062193D4617004C0D6B /* SwiftNavigationController.swift in Sources */,
			);
			runOnlyForDeploymentPostprocessing = 0;
		};
		454EF01E193D44C5004C0D6B /* Sources */ = {
			isa = PBXSourcesBuildPhase;
			buildActionMask = 2147483647;
			files = (
				454EF029193D44C5004C0D6B /* IHateSwiftTests.swift in Sources */,
			);
			runOnlyForDeploymentPostprocessing = 0;
		};
/* End PBXSourcesBuildPhase section */

/* Begin PBXTargetDependency section */
		454EF024193D44C5004C0D6B /* PBXTargetDependency */ = {
			isa = PBXTargetDependency;
			target = 454EF00F193D44C5004C0D6B /* IHateSwift */;
			targetProxy = 454EF023193D44C5004C0D6B /* PBXContainerItemProxy */;
		};
/* End PBXTargetDependency section */

/* Begin XCBuildConfiguration section */
		454EF02A193D44C5004C0D6B /* Debug */ = {
			isa = XCBuildConfiguration;
			buildSettings = {
				ALWAYS_SEARCH_USER_PATHS = NO;
				CLANG_CXX_LANGUAGE_STANDARD = "gnu++0x";
				CLANG_CXX_LIBRARY = "libc++";
				CLANG_ENABLE_MODULES = YES;
				CLANG_ENABLE_OBJC_ARC = YES;
				CLANG_WARN_BOOL_CONVERSION = YES;
				CLANG_WARN_CONSTANT_CONVERSION = YES;
				CLANG_WARN_DIRECT_OBJC_ISA_USAGE = YES_ERROR;
				CLANG_WARN_EMPTY_BODY = YES;
				CLANG_WARN_ENUM_CONVERSION = YES;
				CLANG_WARN_INT_CONVERSION = YES;
				CLANG_WARN_OBJC_ROOT_CLASS = YES_ERROR;
				CLANG_WARN_UNREACHABLE_CODE = YES;
				CLANG_WARN__DUPLICATE_METHOD_MATCH = YES;
				"CODE_SIGN_IDENTITY[sdk=iphoneos*]" = "iPhone Developer";
				COPY_PHASE_STRIP = NO;
				ENABLE_STRICT_OBJC_MSGSEND = YES;
				GCC_C_LANGUAGE_STANDARD = gnu99;
				GCC_DYNAMIC_NO_PIC = NO;
				GCC_OPTIMIZATION_LEVEL = 0;
				GCC_PREPROCESSOR_DEFINITIONS = (
					"DEBUG=1",
					"$(inherited)",
				);
				GCC_SYMBOLS_PRIVATE_EXTERN = NO;
				GCC_WARN_64_TO_32_BIT_CONVERSION = YES;
				GCC_WARN_ABOUT_RETURN_TYPE = YES_ERROR;
				GCC_WARN_UNDECLARED_SELECTOR = YES;
				GCC_WARN_UNINITIALIZED_AUTOS = YES_AGGRESSIVE;
				GCC_WARN_UNUSED_FUNCTION = YES;
				GCC_WARN_UNUSED_VARIABLE = YES;
				IPHONEOS_DEPLOYMENT_TARGET = 8.0;
				METAL_ENABLE_DEBUG_INFO = YES;
				ONLY_ACTIVE_ARCH = YES;
				SDKROOT = iphoneos;
				SWIFT_OPTIMIZATION_LEVEL = "-Onone";
			};
			name = Debug;
		};
		454EF02B193D44C5004C0D6B /* Release */ = {
			isa = XCBuildConfiguration;
			buildSettings = {
				ALWAYS_SEARCH_USER_PATHS = NO;
				CLANG_CXX_LANGUAGE_STANDARD = "gnu++0x";
				CLANG_CXX_LIBRARY = "libc++";
				CLANG_ENABLE_MODULES = YES;
				CLANG_ENABLE_OBJC_ARC = YES;
				CLANG_WARN_BOOL_CONVERSION = YES;
				CLANG_WARN_CONSTANT_CONVERSION = YES;
				CLANG_WARN_DIRECT_OBJC_ISA_USAGE = YES_ERROR;
				CLANG_WARN_EMPTY_BODY = YES;
				CLANG_WARN_ENUM_CONVERSION = YES;
				CLANG_WARN_INT_CONVERSION = YES;
				CLANG_WARN_OBJC_ROOT_CLASS = YES_ERROR;
				CLANG_WARN_UNREACHABLE_CODE = YES;
				CLANG_WARN__DUPLICATE_METHOD_MATCH = YES;
				"CODE_SIGN_IDENTITY[sdk=iphoneos*]" = "iPhone Developer";
				COPY_PHASE_STRIP = YES;
				ENABLE_NS_ASSERTIONS = NO;
				ENABLE_STRICT_OBJC_MSGSEND = YES;
				GCC_C_LANGUAGE_STANDARD = gnu99;
				GCC_WARN_64_TO_32_BIT_CONVERSION = YES;
				GCC_WARN_ABOUT_RETURN_TYPE = YES_ERROR;
				GCC_WARN_UNDECLARED_SELECTOR = YES;
				GCC_WARN_UNINITIALIZED_AUTOS = YES_AGGRESSIVE;
				GCC_WARN_UNUSED_FUNCTION = YES;
				GCC_WARN_UNUSED_VARIABLE = YES;
				IPHONEOS_DEPLOYMENT_TARGET = 8.0;
				METAL_ENABLE_DEBUG_INFO = NO;
				SDKROOT = iphoneos;
				VALIDATE_PRODUCT = YES;
			};
			name = Release;
		};
		454EF02D193D44C5004C0D6B /* Debug */ = {
			isa = XCBuildConfiguration;
			buildSettings = {
				ASSETCATALOG_COMPILER_APPICON_NAME = AppIcon;
				ASSETCATALOG_COMPILER_LAUNCHIMAGE_NAME = LaunchImage;
				INFOPLIST_FILE = IHateSwift/Info.plist;
				LD_RUNPATH_SEARCH_PATHS = "$(inherited) @executable_path/Frameworks";
				PRODUCT_NAME = "$(TARGET_NAME)";
			};
			name = Debug;
		};
		454EF02E193D44C5004C0D6B /* Release */ = {
			isa = XCBuildConfiguration;
			buildSettings = {
				ASSETCATALOG_COMPILER_APPICON_NAME = AppIcon;
				ASSETCATALOG_COMPILER_LAUNCHIMAGE_NAME = LaunchImage;
				INFOPLIST_FILE = IHateSwift/Info.plist;
				LD_RUNPATH_SEARCH_PATHS = "$(inherited) @executable_path/Frameworks";
				PRODUCT_NAME = "$(TARGET_NAME)";
			};
			name = Release;
		};
		454EF030193D44C5004C0D6B /* Debug */ = {
			isa = XCBuildConfiguration;
			buildSettings = {
				BUNDLE_LOADER = "$(BUILT_PRODUCTS_DIR)/IHateSwift.app/IHateSwift";
				FRAMEWORK_SEARCH_PATHS = (
					"$(SDKROOT)/Developer/Library/Frameworks",
					"$(inherited)",
				);
				GCC_PREPROCESSOR_DEFINITIONS = (
					"DEBUG=1",
					"$(inherited)",
				);
				INFOPLIST_FILE = IHateSwiftTests/Info.plist;
				LD_RUNPATH_SEARCH_PATHS = "$(inherited) @executable_path/Frameworks @loader_path/Frameworks";
				METAL_ENABLE_DEBUG_INFO = YES;
				PRODUCT_NAME = "$(TARGET_NAME)";
				TEST_HOST = "$(BUNDLE_LOADER)";
			};
			name = Debug;
		};
		454EF031193D44C5004C0D6B /* Release */ = {
			isa = XCBuildConfiguration;
			buildSettings = {
				BUNDLE_LOADER = "$(BUILT_PRODUCTS_DIR)/IHateSwift.app/IHateSwift";
				FRAMEWORK_SEARCH_PATHS = (
					"$(SDKROOT)/Developer/Library/Frameworks",
					"$(inherited)",
				);
				INFOPLIST_FILE = IHateSwiftTests/Info.plist;
				LD_RUNPATH_SEARCH_PATHS = "$(inherited) @executable_path/Frameworks @loader_path/Frameworks";
				METAL_ENABLE_DEBUG_INFO = NO;
				PRODUCT_NAME = "$(TARGET_NAME)";
				TEST_HOST = "$(BUNDLE_LOADER)";
			};
			name = Release;
		};
/* End XCBuildConfiguration section */

/* Begin XCConfigurationList section */
		454EF00B193D44C5004C0D6B /* Build configuration list for PBXProject "IHateSwift" */ = {
			isa = XCConfigurationList;
			buildConfigurations = (
				454EF02A193D44C5004C0D6B /* Debug */,
				454EF02B193D44C5004C0D6B /* Release */,
			);
			defaultConfigurationIsVisible = 0;
			defaultConfigurationName = Release;
		};
		454EF02C193D44C5004C0D6B /* Build configuration list for PBXNativeTarget "IHateSwift" */ = {
			isa = XCConfigurationList;
			buildConfigurations = (
				454EF02D193D44C5004C0D6B /* Debug */,
				454EF02E193D44C5004C0D6B /* Release */,
			);
			defaultConfigurationIsVisible = 0;
			defaultConfigurationName = Release;
		};
		454EF02F193D44C5004C0D6B /* Build configuration list for PBXNativeTarget "IHateSwiftTests" */ = {
			isa = XCConfigurationList;
			buildConfigurations = (
				454EF030193D44C5004C0D6B /* Debug */,
				454EF031193D44C5004C0D6B /* Release */,
			);
			defaultConfigurationIsVisible = 0;
			defaultConfigurationName = Release;
		};
/* End XCConfigurationList section */
	};
	rootObject = 454EF008193D44C5004C0D6B /* Project object */;
}
